# This file is automatically @generated by Cargo.
# It is not intended for manual editing.
version = 3

[[package]]
name = "bracket-color"
version = "0.8.7"
source = "registry+https://github.com/rust-lang/crates.io-index"
checksum = "7333827cf727ceb302cc4f638cc8befc87f5f1423873255d94cc0a24009e940a"

[[package]]
name = "bracket-geometry"
version = "0.8.7"
source = "registry+https://github.com/rust-lang/crates.io-index"
checksum = "0f31b525fcd65027885f3a1e3a250a5dd397d70de4a6a5a125f03e0bef951499"
dependencies = [
 "ultraviolet",
]

[[package]]
name = "bytemuck"
version = "1.14.0"
source = "registry+https://github.com/rust-lang/crates.io-index"
checksum = "374d28ec25809ee0e23827c2ab573d729e293f281dfe393500e7ad618baa61c6"

[[package]]
name = "myengine"
version = "0.1.0"
dependencies = [
 "bracket-color",
 "bracket-geometry",
]

[[package]]
name = "safe_arch"
version = "0.7.1"
source = "registry+https://github.com/rust-lang/crates.io-index"
checksum = "f398075ce1e6a179b46f51bd88d0598b92b00d3551f1a2d4ac49e771b56ac354"
dependencies = [
 "bytemuck",
]

[[package]]
name = "ultraviolet"
version = "0.9.2"
source = "registry+https://github.com/rust-lang/crates.io-index"
checksum = "6a28554d13eb5daba527cc1b91b6c341372a0ae45ed277ffb2c6fbc04f319d7e"
dependencies = [
 "wide",
]

[[package]]
name = "wide"
version = "0.7.13"
source = "registry+https://github.com/rust-lang/crates.io-index"
checksum = "c68938b57b33da363195412cfc5fc37c9ed49aa9cfe2156fde64b8d2c9498242"
dependencies = [
 "bytemuck",
 "safe_arch",
]
